# This file is @generated by PDM.
# It is not intended for manual editing.

[metadata]
groups = ["default"]
strategy = ["cross_platform", "inherit_metadata"]
lock_version = "4.4.2"
content_hash = "sha256:18cb61a7e440ca379efe970e30bfc3cbdbd2d571c698e0850607786c0290f906"

[[package]]
name = "grpc-tools"
version = "1.0.0"
summary = ""
groups = ["default"]
files = [
    {file = "grpc-tools-1.0.0.tar.gz", hash = "sha256:ac97761075f466e184962fe61b8e81c97101cce541d4e29750edd4cc82bb087d"},
]

[[package]]
name = "grpcio"
version = "1.64.1"
requires_python = ">=3.8"
summary = "HTTP/2-based RPC framework"
groups = ["default"]
files = [
    {file = "grpcio-1.64.1-cp39-cp39-linux_armv7l.whl", hash = "sha256:75dbbf415026d2862192fe1b28d71f209e2fd87079d98470db90bebe57b33179"},
    {file = "grpcio-1.64.1-cp39-cp39-macosx_10_9_universal2.whl", hash = "sha256:e3d9f8d1221baa0ced7ec7322a981e28deb23749c76eeeb3d33e18b72935ab62"},
    {file = "grpcio-1.64.1-cp39-cp39-manylinux_2_17_aarch64.whl", hash = "sha256:5f8b75f64d5d324c565b263c67dbe4f0af595635bbdd93bb1a88189fc62ed2e5"},
    {file = "grpcio-1.64.1-cp39-cp39-manylinux_2_17_i686.manylinux2014_i686.whl", hash = "sha256:c84ad903d0d94311a2b7eea608da163dace97c5fe9412ea311e72c3684925602"},
    {file = "grpcio-1.64.1-cp39-cp39-manylinux_2_17_x86_64.manylinux2014_x86_64.whl", hash = "sha256:940e3ec884520155f68a3b712d045e077d61c520a195d1a5932c531f11883489"},
    {file = "grpcio-1.64.1-cp39-cp39-musllinux_1_1_i686.whl", hash = "sha256:f10193c69fc9d3d726e83bbf0f3d316f1847c3071c8c93d8090cf5f326b14309"},
    {file = "grpcio-1.64.1-cp39-cp39-musllinux_1_1_x86_64.whl", hash = "sha256:ac15b6c2c80a4d1338b04d42a02d376a53395ddf0ec9ab157cbaf44191f3ffdd"},
    {file = "grpcio-1.64.1-cp39-cp39-win32.whl", hash = "sha256:03b43d0ccf99c557ec671c7dede64f023c7da9bb632ac65dbc57f166e4970040"},
    {file = "grpcio-1.64.1-cp39-cp39-win_amd64.whl", hash = "sha256:ed6091fa0adcc7e4ff944090cf203a52da35c37a130efa564ded02b7aff63bcd"},
    {file = "grpcio-1.64.1.tar.gz", hash = "sha256:8d51dd1c59d5fa0f34266b80a3805ec29a1f26425c2a54736133f6d87fc4968a"},
]

[[package]]
name = "grpcio-tools"
version = "1.64.1"
requires_python = ">=3.8"
summary = "Protobuf code generator for gRPC"
groups = ["default"]
dependencies = [
    "grpcio>=1.64.1",
    "protobuf<6.0dev,>=5.26.1",
    "setuptools",
]
files = [
    {file = "grpcio_tools-1.64.1-cp39-cp39-linux_armv7l.whl", hash = "sha256:ff9b631788573bfbecfe8cb647d484dfac9cfbad4a7bb640a9e5dcfb24a1b3c5"},
    {file = "grpcio_tools-1.64.1-cp39-cp39-macosx_10_9_universal2.whl", hash = "sha256:7e67903fba7b122cad7e41b1347c71f2d8e484f51f5c91cacc52249b4ab274bf"},
    {file = "grpcio_tools-1.64.1-cp39-cp39-manylinux_2_17_aarch64.whl", hash = "sha256:6cef267289e3a1257ef79c399a4a244a2b508c4f8d28faf9b061983187b8c2ff"},
    {file = "grpcio_tools-1.64.1-cp39-cp39-manylinux_2_17_i686.manylinux2014_i686.whl", hash = "sha256:23eef1138065edf360ed649381cf1d9c9123b3a8c003a4b28bf0c4a5b025087a"},
    {file = "grpcio_tools-1.64.1-cp39-cp39-manylinux_2_17_x86_64.manylinux2014_x86_64.whl", hash = "sha256:ba0758d779bc2134219c9ee392d7d30a7ff7f788fd68bf4f56bb4a0213e5d2e4"},
    {file = "grpcio_tools-1.64.1-cp39-cp39-musllinux_1_1_i686.whl", hash = "sha256:a8fb6a4438ef1ce619bd6695799b0a06c049a0be3e10ecf0b5fc5d72929a9f02"},
    {file = "grpcio_tools-1.64.1-cp39-cp39-musllinux_1_1_x86_64.whl", hash = "sha256:3cc3036589e416cf8516802d3e6c37fd7de1b6c4defc292a1859848515c67ab5"},
    {file = "grpcio_tools-1.64.1-cp39-cp39-win32.whl", hash = "sha256:59db889e5f698e00ea65032d3fddbfdbec72b22b285a57c167fb7a48bce2ca27"},
    {file = "grpcio_tools-1.64.1-cp39-cp39-win_amd64.whl", hash = "sha256:984ed040f13efcede72c4dfb298274df3877573ca305f51f5cb24249463d6a77"},
    {file = "grpcio_tools-1.64.1.tar.gz", hash = "sha256:72b3550b91adb8354656ecf0f6d1d4611299044bae11fb1e7cc1d1bb66b8c1eb"},
]

[[package]]
name = "protobuf"
version = "5.27.2"
requires_python = ">=3.8"
summary = ""
groups = ["default"]
files = [
    {file = "protobuf-5.27.2-cp38-abi3-macosx_10_9_universal2.whl", hash = "sha256:a109916aaac42bff84702fb5187f3edadbc7c97fc2c99c5ff81dd15dcce0d1e5"},
    {file = "protobuf-5.27.2-cp38-abi3-manylinux2014_aarch64.whl", hash = "sha256:176c12b1f1c880bf7a76d9f7c75822b6a2bc3db2d28baa4d300e8ce4cde7409b"},
    {file = "protobuf-5.27.2-cp38-abi3-manylinux2014_x86_64.whl", hash = "sha256:b848dbe1d57ed7c191dfc4ea64b8b004a3f9ece4bf4d0d80a367b76df20bf36e"},
    {file = "protobuf-5.27.2-cp39-cp39-win32.whl", hash = "sha256:9e8f199bf7f97bd7ecebffcae45ebf9527603549b2b562df0fbc6d4d688f14ca"},
    {file = "protobuf-5.27.2-cp39-cp39-win_amd64.whl", hash = "sha256:7fc3add9e6003e026da5fc9e59b131b8f22b428b991ccd53e2af8071687b4fce"},
    {file = "protobuf-5.27.2-py3-none-any.whl", hash = "sha256:54330f07e4949d09614707c48b06d1a22f8ffb5763c159efd5c0928326a91470"},
    {file = "protobuf-5.27.2.tar.gz", hash = "sha256:f3ecdef226b9af856075f28227ff2c90ce3a594d092c39bee5513573f25e2714"},
]

[[package]]
name = "setuptools"
version = "70.2.0"
requires_python = ">=3.8"
summary = "Easily download, build, install, upgrade, and uninstall Python packages"
groups = ["default"]
files = [
    {file = "setuptools-70.2.0-py3-none-any.whl", hash = "sha256:b8b8060bb426838fbe942479c90296ce976249451118ef566a5a0b7d8b78fb05"},
    {file = "setuptools-70.2.0.tar.gz", hash = "sha256:bd63e505105011b25c3c11f753f7e3b8465ea739efddaccef8f0efac2137bac1"},
]
